// !$*UTF8*$!
{
	archiveVersion = 1;
	classes = {
	};
	objectVersion = 50;
	objects = {

/* Begin PBXBuildFile section */
		51BA0451222C8D32006DA516 /* Main.storyboard in Resources */ = {isa = PBXBuildFile; fileRef = 51BA0450222C8D32006DA516 /* Main.storyboard */; };
		51C89000218FCBC100C0053F /* AppDelegate.swift in Sources */ = {isa = PBXBuildFile; fileRef = 51C88FFF218FCBC100C0053F /* AppDelegate.swift */; };
		51C89002218FCBC100C0053F /* ViewController.swift in Sources */ = {isa = PBXBuildFile; fileRef = 51C89001218FCBC100C0053F /* ViewController.swift */; };
		51C89007218FCBC300C0053F /* Assets.xcassets in Resources */ = {isa = PBXBuildFile; fileRef = 51C89006218FCBC300C0053F /* Assets.xcassets */; };
		51C8900A218FCBC300C0053F /* LaunchScreen.storyboard in Resources */ = {isa = PBXBuildFile; fileRef = 51C89008218FCBC300C0053F /* LaunchScreen.storyboard */; };
		51C89012218FDA8600C0053F /* MyWindow.swift in Sources */ = {isa = PBXBuildFile; fileRef = 51C89011218FDA8600C0053F /* MyWindow.swift */; };
/* End PBXBuildFile section */

/* Begin PBXFileReference section */
		51BA0450222C8D32006DA516 /* Main.storyboard */ = {isa = PBXFileReference; lastKnownFileType = file.storyboard; path = Main.storyboard; sourceTree = "<group>"; };
		51C88FFC218FCBC100C0053F /* Custom Window in Storyboard.app */ = {isa = PBXFileReference; explicitFileType = wrapper.application; includeInIndex = 0; path = "Custom Window in Storyboard.app"; sourceTree = BUILT_PRODUCTS_DIR; };
		51C88FFF218FCBC100C0053F /* AppDelegate.swift */ = {isa = PBXFileReference; lastKnownFileType = sourcecode.swift; path = AppDelegate.swift; sourceTree = "<group>"; };
		51C89001218FCBC100C0053F /* ViewController.swift */ = {isa = PBXFileReference; lastKnownFileType = sourcecode.swift; path = ViewController.swift; sourceTree = "<group>"; };
		51C89006218FCBC300C0053F /* Assets.xcassets */ = {isa = PBXFileReference; lastKnownFileType = folder.assetcatalog; path = Assets.xcassets; sourceTree = "<group>"; };
		51C89009218FCBC300C0053F /* Base */ = {isa = PBXFileReference; lastKnownFileType = file.storyboard; name = Base; path = Base.lproj/LaunchScreen.storyboard; sourceTree = "<group>"; };
		51C8900B218FCBC300C0053F /* Info.plist */ = {isa = PBXFileReference; lastKnownFileType = text.plist.xml; path = Info.plist; sourceTree = "<group>"; };
		51C89011218FDA8600C0053F /* MyWindow.swift */ = {isa = PBXFileReference; lastKnownFileType = sourcecode.swift; path = MyWindow.swift; sourceTree = "<group>"; };
/* End PBXFileReference section */

/* Begin PBXFrameworksBuildPhase section */
		51C88FF9218FCBC100C0053F /* Frameworks */ = {
			isa = PBXFrameworksBuildPhase;
			buildActionMask = 2147483647;
			files = (
			);
			runOnlyForDeploymentPostprocessing = 0;
		};
/* End PBXFrameworksBuildPhase section */

/* Begin PBXGroup section */
		51C88FF3218FCBC100C0053F = {
			isa = PBXGroup;
			children = (
				51C88FFE218FCBC100C0053F /* Custom Window in Storyboard */,
				51C88FFD218FCBC100C0053F /* Products */,
			);
			sourceTree = "<group>";
		};
		51C88FFD218FCBC100C0053F /* Products */ = {
			isa = PBXGroup;
			children = (
				51C88FFC218FCBC100C0053F /* Custom Window in Storyboard.app */,
			);
			name = Products;
			sourceTree = "<group>";
		};
		51C88FFE218FCBC100C0053F /* Custom Window in Storyboard */ = {
			isa = PBXGroup;
			children = (
				51C88FFF218FCBC100C0053F /* AppDelegate.swift */,
				51C89001218FCBC100C0053F /* ViewController.swift */,
				51C89011218FDA8600C0053F /* MyWindow.swift */,
				51BA0450222C8D32006DA516 /* Main.storyboard */,
				51C89006218FCBC300C0053F /* Assets.xcassets */,
				51C89008218FCBC300C0053F /* LaunchScreen.storyboard */,
				51C8900B218FCBC300C0053F /* Info.plist */,
			);
			path = "Custom Window in Storyboard";
			sourceTree = "<group>";
		};
/* End PBXGroup section */

/* Begin PBXNativeTarget section */
		51C88FFB218FCBC100C0053F /* Custom Window in Storyboard */ = {
			isa = PBXNativeTarget;
			buildConfigurationList = 51C8900E218FCBC300C0053F /* Build configuration list for PBXNativeTarget "Custom Window in Storyboard" */;
			buildPhases = (
				51C88FF8218FCBC100C0053F /* Sources */,
				51C88FF9218FCBC100C0053F /* Frameworks */,
				51C88FFA218FCBC100C0053F /* Resources */,
			);
			buildRules = (
			);
			dependencies = (
			);
			name = "Custom Window in Storyboard";
			productName = "Custom Window in Storyboard";
			productReference = 51C88FFC218FCBC100C0053F /* Custom Window in Storyboard.app */;
			productType = "com.apple.product-type.application";
		};
/* End PBXNativeTarget section */

/* Begin PBXProject section */
		51C88FF4218FCBC100C0053F /* Project object */ = {
			isa = PBXProject;
			attributes = {
				LastSwiftUpdateCheck = 1010;
				LastUpgradeCheck = 1010;
				ORGANIZATIONNAME = "Mazharul Huq";
				TargetAttributes = {
					51C88FFB218FCBC100C0053F = {
						CreatedOnToolsVersion = 10.1;
					};
				};
			};
			buildConfigurationList = 51C88FF7218FCBC100C0053F /* Build configuration list for PBXProject "Custom Window in Storyboard" */;
			compatibilityVersion = "Xcode 9.3";
			developmentRegion = en;
			hasScannedForEncodings = 0;
			knownRegions = (
				en,
				Base,
			);
			mainGroup = 51C88FF3218FCBC100C0053F;
			productRefGroup = 51C88FFD218FCBC100C0053F /* Products */;
			projectDirPath = "";
			projectRoot = "";
			targets = (
				51C88FFB218FCBC100C0053F /* Custom Window in Storyboard */,
			);
		};
/* End PBXProject section */

/* Begin PBXResourcesBuildPhase section */
		51C88FFA218FCBC100C0053F /* Resources */ = {
			isa = PBXResourcesBuildPhase;
			buildActionMask = 2147483647;
			files = (
				51BA0451222C8D32006DA516 /* Main.storyboard in Resources */,
				51C8900A218FCBC300C0053F /* LaunchScreen.storyboard in Resources */,
				51C89007218FCBC300C0053F /* Assets.xcassets in Resources */,
			);
			runOnlyForDeploymentPostprocessing = 0;
		};
/* End PBXResourcesBuildPhase section */

/* Begin PBXSourcesBuildPhase section */
		51C88FF8218FCBC100C0053F /* Sources */ = {
			isa = PBXSourcesBuildPhase;
			buildActionMask = 2147483647;
			files = (
				51C89012218FDA8600C0053F /* MyWindow.swift in Sources */,
				51C89002218FCBC100C0053F /* ViewController.swift in Sources */,
				51C89000218FCBC100C0053F /* AppDelegate.swift in Sources */,
			);
			runOnlyForDeploymentPostprocessing = 0;
		};
/* End PBXSourcesBuildPhase section */

/* Begin PBXVariantGroup section */
		51C89008218FCBC300C0053F /* LaunchScreen.storyboard */ = {
			isa = PBXVariantGroup;
			children = (
				51C89009218FCBC300C0053F /* Base */,
			);
			name = LaunchScreen.storyboard;
			sourceTree = "<group>";
		};
/* End PBXVariantGroup section */

/* Begin XCBuildConfiguration section */
		51C8900C218FCBC300C0053F /* Debug */ = {
			isa = XCBuildConfiguration;
			buildSettings = {
				ALWAYS_SEARCH_USER_PATHS = NO;
				CLANG_ANALYZER_NONNULL = YES;
				CLANG_ANALYZER_NUMBER_OBJECT_CONVERSION = YES_AGGRESSIVE;
				CLANG_CXX_LANGUAGE_STANDARD = "gnu++14";
				CLANG_CXX_LIBRARY = "libc++";
				CLANG_ENABLE_MODULES = YES;
				CLANG_ENABLE_OBJC_ARC = YES;
				CLANG_ENABLE_OBJC_WEAK = YES;
				CLANG_WARN_BLOCK_CAPTURE_AUTORELEASING = YES;
				CLANG_WARN_BOOL_CONVERSION = YES;
				CLANG_WARN_COMMA = YES;
				CLANG_WARN_CONSTANT_CONVERSION = YES;
				CLANG_WARN_DEPRECATED_OBJC_IMPLEMENTATIONS = YES;
				CLANG_WARN_DIRECT_OBJC_ISA_USAGE = YES_ERROR;
				CLANG_WARN_DOCUMENTATION_COMMENTS = YES;
				CLANG_WARN_EMPTY_BODY = YES;
				CLANG_WARN_ENUM_CONVERSION = YES;
				CLANG_WARN_INFINITE_RECURSION = YES;
				CLANG_WARN_INT_CONVERSION = YES;
				CLANG_WARN_NON_LITERAL_NULL_CONVERSION = YES;
				CLANG_WARN_OBJC_IMPLICIT_RETAIN_SELF = YES;
				CLANG_WARN_OBJC_LITERAL_CONVERSION = YES;
				CLANG_WARN_OBJC_ROOT_CLASS = YES_ERROR;
				CLANG_WARN_RANGE_LOOP_ANALYSIS = YES;
				CLANG_WARN_STRICT_PROTOTYPES = YES;
				CLANG_WARN_SUSPICIOUS_MOVE = YES;
				CLANG_WARN_UNGUARDED_AVAILABILITY = YES_AGGRESSIVE;
				CLANG_WARN_UNREACHABLE_CODE = YES;
				CLANG_WARN__DUPLICATE_METHOD_MATCH = YES;
				CODE_SIGN_IDENTITY = "iPhone Developer";
				COPY_PHASE_STRIP = NO;
				DEBUG_INFORMATION_FORMAT = dwarf;
				ENABLE_STRICT_OBJC_MSGSEND = YES;
				ENABLE_TESTABILITY = YES;
				GCC_C_LANGUAGE_STANDARD = gnu11;
				GCC_DYNAMIC_NO_PIC = NO;
				GCC_NO_COMMON_BLOCKS = YES;
				GCC_OPTIMIZATION_LEVEL = 0;
				GCC_PREPROCESSOR_DEFINITIONS = (
					"DEBUG=1",
					"$(inherited)",
				);
				GCC_WARN_64_TO_32_BIT_CONVERSION = YES;
				GCC_WARN_ABOUT_RETURN_TYPE = YES_ERROR;
				GCC_WARN_UNDECLARED_SELECTOR = YES;
				GCC_WARN_UNINITIALIZED_AUTOS = YES_AGGRESSIVE;
				GCC_WARN_UNUSED_FUNCTION = YES;
				GCC_WARN_UNUSED_VARIABLE = YES;
				IPHONEOS_DEPLOYMENT_TARGET = 12.1;
				MTL_ENABLE_DEBUG_INFO = INCLUDE_SOURCE;
				MTL_FAST_MATH = YES;
				ONLY_ACTIVE_ARCH = YES;
				SDKROOT = iphoneos;
				SWIFT_ACTIVE_COMPILATION_CONDITIONS = DEBUG;
				SWIFT_OPTIMIZATION_LEVEL = "-Onone";
			};
			name = Debug;
		};
		51C8900D218FCBC300C0053F /* Release */ = {
			isa = XCBuildConfiguration;
			buildSettings = {
				ALWAYS_SEARCH_USER_PATHS = NO;
				CLANG_ANALYZER_NONNULL = YES;
				CLANG_ANALYZER_NUMBER_OBJECT_CONVERSION = YES_AGGRESSIVE;
				CLANG_CXX_LANGUAGE_STANDARD = "gnu++14";
				CLANG_CXX_LIBRARY = "libc++";
				CLANG_ENABLE_MODULES = YES;
				CLANG_ENABLE_OBJC_ARC = YES;
				CLANG_ENABLE_OBJC_WEAK = YES;
				CLANG_WARN_BLOCK_CAPTURE_AUTORELEASING = YES;
				CLANG_WARN_BOOL_CONVERSION = YES;
				CLANG_WARN_COMMA = YES;
				CLANG_WARN_CONSTANT_CONVERSION = YES;
				CLANG_WARN_DEPRECATED_OBJC_IMPLEMENTATIONS = YES;
				CLANG_WARN_DIRECT_OBJC_ISA_USAGE = YES_ERROR;
				CLANG_WARN_DOCUMENTATION_COMMENTS = YES;
				CLANG_WARN_EMPTY_BODY = YES;
				CLANG_WARN_ENUM_CONVERSION = YES;
				CLANG_WARN_INFINITE_RECURSION = YES;
				CLANG_WARN_INT_CONVERSION = YES;
				CLANG_WARN_NON_LITERAL_NULL_CONVERSION = YES;
				CLANG_WARN_OBJC_IMPLICIT_RETAIN_SELF = YES;
				CLANG_WARN_OBJC_LITERAL_CONVERSION = YES;
				CLANG_WARN_OBJC_ROOT_CLASS = YES_ERROR;
				CLANG_WARN_RANGE_LOOP_ANALYSIS = YES;
				CLANG_WARN_STRICT_PROTOTYPES = YES;
				CLANG_WARN_SUSPICIOUS_MOVE = YES;
				CLANG_WARN_UNGUARDED_AVAILABILITY = YES_AGGRESSIVE;
				CLANG_WARN_UNREACHABLE_CODE = YES;
				CLANG_WARN__DUPLICATE_METHOD_MATCH = YES;
				CODE_SIGN_IDENTITY = "iPhone Developer";
				COPY_PHASE_STRIP = NO;
				DEBUG_INFORMATION_FORMAT = "dwarf-with-dsym";
				ENABLE_NS_ASSERTIONS = NO;
				ENABLE_STRICT_OBJC_MSGSEND = YES;
				GCC_C_LANGUAGE_STANDARD = gnu11;
				GCC_NO_COMMON_BLOCKS = YES;
				GCC_WARN_64_TO_32_BIT_CONVERSION = YES;
				GCC_WARN_ABOUT_RETURN_TYPE = YES_ERROR;
				GCC_WARN_UNDECLARED_SELECTOR = YES;
				GCC_WARN_UNINITIALIZED_AUTOS = YES_AGGRESSIVE;
				GCC_WARN_UNUSED_FUNCTION = YES;
				GCC_WARN_UNUSED_VARIABLE = YES;
				IPHONEOS_DEPLOYMENT_TARGET = 12.1;
				MTL_ENABLE_DEBUG_INFO = NO;
				MTL_FAST_MATH = YES;
				SDKROOT = iphoneos;
				SWIFT_COMPILATION_MODE = wholemodule;
				SWIFT_OPTIMIZATION_LEVEL = "-O";
				VALIDATE_PRODUCT = YES;
			};
			name = Release;
		};
		51C8900F218FCBC300C0053F /* Debug */ = {
			isa = XCBuildConfiguration;
			buildSettings = {
				ASSETCATALOG_COMPILER_APPICON_NAME = AppIcon;
				CODE_SIGN_STYLE = Automatic;
				DEVELOPMENT_TEAM = R77BD8MPA8;
				INFOPLIST_FILE = "Custom Window in Storyboard/Info.plist";
				LD_RUNPATH_SEARCH_PATHS = (
					"$(inherited)",
					"@executable_path/Frameworks",
				);
				PRODUCT_BUNDLE_IDENTIFIER = "com.mazharul.huq.Custom-Window-in-Storyboard";
				PRODUCT_NAME = "$(TARGET_NAME)";
				SWIFT_VERSION = 4.2;
				TARGETED_DEVICE_FAMILY = "1,2";
			};
			name = Debug;
		};
		51C89010218FCBC300C0053F /* Release */ = {
			isa = XCBuildConfiguration;
			buildSettings = {
				ASSETCATALOG_COMPILER_APPICON_NAME = AppIcon;
				CODE_SIGN_STYLE = Automatic;
				DEVELOPMENT_TEAM = R77BD8MPA8;
				INFOPLIST_FILE = "Custom Window in Storyboard/Info.plist";
				LD_RUNPATH_SEARCH_PATHS = (
					"$(inherited)",
					"@executable_path/Frameworks",
				);
				PRODUCT_BUNDLE_IDENTIFIER = "com.mazharul.huq.Custom-Window-in-Storyboard";
				PRODUCT_NAME = "$(TARGET_NAME)";
				SWIFT_VERSION = 4.2;
				TARGETED_DEVICE_FAMILY = "1,2";
			};
			name = Release;
		};
/* End XCBuildConfiguration section */

/* Begin XCConfigurationList section */
		51C88FF7218FCBC100C0053F /* Build configuration list for PBXProject "Custom Window in Storyboard" */ = {
			isa = XCConfigurationList;
			buildConfigurations = (
				51C8900C218FCBC300C0053F /* Debug */,
				51C8900D218FCBC300C0053F /* Release */,
			);
			defaultConfigurationIsVisible = 0;
			defaultConfigurationName = Release;
		};
		51C8900E218FCBC300C0053F /* Build configuration list for PBXNativeTarget "Custom Window in Storyboard" */ = {
			isa = XCConfigurationList;
			buildConfigurations = (
				51C8900F218FCBC300C0053F /* Debug */,
				51C89010218FCBC300C0053F /* Release */,
			);
			defaultConfigurationIsVisible = 0;
			defaultConfigurationName = Release;
		};
/* End XCConfigurationList section */
	};
	rootObject = 51C88FF4218FCBC100C0053F /* Project object */;
}
